
Microsoft Visual Studio Solution File, Format Version 12.00
# Visual Studio Version 17
VisualStudioVersion = 17.14.36511.14
MinimumVisualStudioVersion = 10.0.40219.1
Project("{2150E333-8FDC-42A3-9474-1A3956D46DE8}") = "src", "src", "{02EA681E-C7D8-13C7-8484-4AC65E1B71E8}"
EndProject
Project("{2150E333-8FDC-42A3-9474-1A3956D46DE8}") = "test", "test", "{74AB3919-4067-4095-9AA1-E7748E9E67F8}"
EndProject
Project("{FAE04EC0-301F-11D3-BF4B-00C04F79EFBC}") = "IETT_APP.Domain", "src\IETT_APP.Domain\IETT_APP.Domain.csproj", "{F4181A76-9F3C-499A-A013-177D13687E79}"
EndProject
Project("{FAE04EC0-301F-11D3-BF4B-00C04F79EFBC}") = "IETT_APP.Infrastructure", "src\IETT_APP.Infrastructure\IETT_APP.Infrastructure.csproj", "{E8D27A9E-D329-4686-A563-A6D03658EC65}"
EndProject
Project("{FAE04EC0-301F-11D3-BF4B-00C04F79EFBC}") = "IETT_APP.UnitTests", "test\IETT_APP.UnitTests\IETT_APP.UnitTests.csproj", "{D4D8BA0E-69E6-457F-9AE2-6ADAAFAC4A34}"
EndProject
Project("{FAE04EC0-301F-11D3-BF4B-00C04F79EFBC}") = "IETT_APP.IntegrationTests", "test\IETT_APP.IntegrationTests\IETT_APP.IntegrationTests.csproj", "{68AC6222-116B-498B-A068-610C3EF86E68}"
EndProject
Project("{FAE04EC0-301F-11D3-BF4B-00C04F79EFBC}") = "IETT_APP.WebAPI", "src\IETT_APP.WebAPI\IETT_APP.WebAPI.csproj", "{34D668D1-17B0-DBC1-C796-A667D36CCEFD}"
EndProject
Project("{FAE04EC0-301F-11D3-BF4B-00C04F79EFBC}") = "IETT_APP.WebMVC", "src\IETT_APP.WebMVC\IETT_APP.WebMVC.csproj", "{697CD947-FB3B-470C-967A-1DEF87706BD2}"
EndProject
Project("{FAE04EC0-301F-11D3-BF4B-00C04F79EFBC}") = "IETT_APP.Application", "src\IETT_APP.Application\IETT_APP.Application.csproj", "{CA384605-135F-EC6C-7AA3-8C186CBC4613}"
EndProject
Global
	GlobalSection(SolutionConfigurationPlatforms) = preSolution
		Debug|Any CPU = Debug|Any CPU
		Release|Any CPU = Release|Any CPU
	EndGlobalSection
	GlobalSection(ProjectConfigurationPlatforms) = postSolution
		{F4181A76-9F3C-499A-A013-177D13687E79}.Debug|Any CPU.ActiveCfg = Debug|Any CPU
		{F4181A76-9F3C-499A-A013-177D13687E79}.Debug|Any CPU.Build.0 = Debug|Any CPU
		{F4181A76-9F3C-499A-A013-177D13687E79}.Release|Any CPU.ActiveCfg = Release|Any CPU
		{F4181A76-9F3C-499A-A013-177D13687E79}.Release|Any CPU.Build.0 = Release|Any CPU
		{E8D27A9E-D329-4686-A563-A6D03658EC65}.Debug|Any CPU.ActiveCfg = Debug|Any CPU
		{E8D27A9E-D329-4686-A563-A6D03658EC65}.Debug|Any CPU.Build.0 = Debug|Any CPU
		{E8D27A9E-D329-4686-A563-A6D03658EC65}.Release|Any CPU.ActiveCfg = Release|Any CPU
		{E8D27A9E-D329-4686-A563-A6D03658EC65}.Release|Any CPU.Build.0 = Release|Any CPU
		{D4D8BA0E-69E6-457F-9AE2-6ADAAFAC4A34}.Debug|Any CPU.ActiveCfg = Debug|Any CPU
		{D4D8BA0E-69E6-457F-9AE2-6ADAAFAC4A34}.Debug|Any CPU.Build.0 = Debug|Any CPU
		{D4D8BA0E-69E6-457F-9AE2-6ADAAFAC4A34}.Release|Any CPU.ActiveCfg = Release|Any CPU
		{D4D8BA0E-69E6-457F-9AE2-6ADAAFAC4A34}.Release|Any CPU.Build.0 = Release|Any CPU
		{68AC6222-116B-498B-A068-610C3EF86E68}.Debug|Any CPU.ActiveCfg = Debug|Any CPU
		{68AC6222-116B-498B-A068-610C3EF86E68}.Debug|Any CPU.Build.0 = Debug|Any CPU
		{68AC6222-116B-498B-A068-610C3EF86E68}.Release|Any CPU.ActiveCfg = Release|Any CPU
		{68AC6222-116B-498B-A068-610C3EF86E68}.Release|Any CPU.Build.0 = Release|Any CPU
		{34D668D1-17B0-DBC1-C796-A667D36CCEFD}.Debug|Any CPU.ActiveCfg = Debug|Any CPU
		{34D668D1-17B0-DBC1-C796-A667D36CCEFD}.Debug|Any CPU.Build.0 = Debug|Any CPU
		{34D668D1-17B0-DBC1-C796-A667D36CCEFD}.Release|Any CPU.ActiveCfg = Release|Any CPU
		{34D668D1-17B0-DBC1-C796-A667D36CCEFD}.Release|Any CPU.Build.0 = Release|Any CPU
		{697CD947-FB3B-470C-967A-1DEF87706BD2}.Debug|Any CPU.ActiveCfg = Debug|Any CPU
		{697CD947-FB3B-470C-967A-1DEF87706BD2}.Debug|Any CPU.Build.0 = Debug|Any CPU
		{697CD947-FB3B-470C-967A-1DEF87706BD2}.Release|Any CPU.ActiveCfg = Release|Any CPU
		{697CD947-FB3B-470C-967A-1DEF87706BD2}.Release|Any CPU.Build.0 = Release|Any CPU
		{CA384605-135F-EC6C-7AA3-8C186CBC4613}.Debug|Any CPU.ActiveCfg = Debug|Any CPU
		{CA384605-135F-EC6C-7AA3-8C186CBC4613}.Debug|Any CPU.Build.0 = Debug|Any CPU
		{CA384605-135F-EC6C-7AA3-8C186CBC4613}.Release|Any CPU.ActiveCfg = Release|Any CPU
		{CA384605-135F-EC6C-7AA3-8C186CBC4613}.Release|Any CPU.Build.0 = Release|Any CPU
	EndGlobalSection
	GlobalSection(SolutionProperties) = preSolution
		HideSolutionNode = FALSE
	EndGlobalSection
	GlobalSection(NestedProjects) = preSolution
		{F4181A76-9F3C-499A-A013-177D13687E79} = {02EA681E-C7D8-13C7-8484-4AC65E1B71E8}
		{E8D27A9E-D329-4686-A563-A6D03658EC65} = {02EA681E-C7D8-13C7-8484-4AC65E1B71E8}
		{D4D8BA0E-69E6-457F-9AE2-6ADAAFAC4A34} = {74AB3919-4067-4095-9AA1-E7748E9E67F8}
		{68AC6222-116B-498B-A068-610C3EF86E68} = {74AB3919-4067-4095-9AA1-E7748E9E67F8}
		{34D668D1-17B0-DBC1-C796-A667D36CCEFD} = {02EA681E-C7D8-13C7-8484-4AC65E1B71E8}
		{697CD947-FB3B-470C-967A-1DEF87706BD2} = {02EA681E-C7D8-13C7-8484-4AC65E1B71E8}
		{CA384605-135F-EC6C-7AA3-8C186CBC4613} = {02EA681E-C7D8-13C7-8484-4AC65E1B71E8}
	EndGlobalSection
	GlobalSection(ExtensibilityGlobals) = postSolution
		SolutionGuid = {E704308B-5115-4946-AFA9-4BA2A1226161}
	EndGlobalSection
EndGlobal
